github.com/Kintar/cancelgroup v1.0.1 h1:JObY4QRqeCNBVo1RVUfzxgq9GZsPoobby4QJPFG0XW8=
github.com/Kintar/cancelgroup v1.0.1/go.mod h1:kOvl8AtyYRlJFOiXwKEN2zIqX1xhVXt8/f9mrvy9hB0=
github.com/Kintar/cancelgroup v1.1.0 h1:KIukBoRvo9W8QqgafbYJ5fxdrz8U18Q/rjS86Adt7E8=
github.com/Kintar/cancelgroup v1.1.0/go.mod h1:kOvl8AtyYRlJFOiXwKEN2zIqX1xhVXt8/f9mrvy9hB0=
github.com/Kintar/cancelgroup v1.1.1 h1:Jrf2LK7lHsI084HpT4FQp0WVd43zqBIYsYRSpozTWXw=
github.com/Kintar/cancelgroup v1.1.1/go.mod h1:kOvl8AtyYRlJFOiXwKEN2zIqX1xhVXt8/f9mrvy9hB0=
